
Microsoft Visual Studio Solution File, Format Version 12.00
# Visual Studio Version 17
VisualStudioVersion = 17.7.34018.315
MinimumVisualStudioVersion = 10.0.40219.1
Project("{9A19103F-16F7-4668-BE54-9A1E7A4F7556}") = "assignment 05", "assignment 05\assignment 05.csproj", "{F19F50F7-D01A-4557-A69C-B2108AA4FD3E}"
EndProject
Project("{FAE04EC0-301F-11D3-BF4B-00C04F79EFBC}") = "assignment05", "assignment05\assignment05.csproj", "{AC8A64A4-A3E1-47D7-8CE7-BAB6D37648B6}"
EndProject
Global
	GlobalSection(SolutionConfigurationPlatforms) = preSolution
		Debug|Any CPU = Debug|Any CPU
		Release|Any CPU = Release|Any CPU
	EndGlobalSection
	GlobalSection(ProjectConfigurationPlatforms) = postSolution
		{F19F50F7-D01A-4557-A69C-B2108AA4FD3E}.Debug|Any CPU.ActiveCfg = Debug|Any CPU
		{F19F50F7-D01A-4557-A69C-B2108AA4FD3E}.Debug|Any CPU.Build.0 = Debug|Any CPU
		{F19F50F7-D01A-4557-A69C-B2108AA4FD3E}.Release|Any CPU.ActiveCfg = Release|Any CPU
		{F19F50F7-D01A-4557-A69C-B2108AA4FD3E}.Release|Any CPU.Build.0 = Release|Any CPU
		{AC8A64A4-A3E1-47D7-8CE7-BAB6D37648B6}.Debug|Any CPU.ActiveCfg = Debug|Any CPU
		{AC8A64A4-A3E1-47D7-8CE7-BAB6D37648B6}.Debug|Any CPU.Build.0 = Debug|Any CPU
		{AC8A64A4-A3E1-47D7-8CE7-BAB6D37648B6}.Release|Any CPU.ActiveCfg = Release|Any CPU
		{AC8A64A4-A3E1-47D7-8CE7-BAB6D37648B6}.Release|Any CPU.Build.0 = Release|Any CPU
	EndGlobalSection
	GlobalSection(SolutionProperties) = preSolution
		HideSolutionNode = FALSE
	EndGlobalSection
	GlobalSection(ExtensibilityGlobals) = postSolution
		SolutionGuid = {18E634C1-EE32-416C-A26B-9BA79567DEC0}
	EndGlobalSection
EndGlobal
